
Microsoft Visual Studio Solution File, Format Version 12.00
# Visual Studio Version 17
VisualStudioVersion = 17.0.31903.59
MinimumVisualStudioVersion = 10.0.40219.1
Project("{2150E333-8FDC-42A3-9474-1A3956D46DE8}") = "src", "src", "{827E0CD3-B72D-47B6-A68D-7590B98EB39B}"
EndProject
Project("{FAE04EC0-301F-11D3-BF4B-00C04F79EFBC}") = "VidLog.Desktop.App", "src\VidLog.Desktop.App\VidLog.Desktop.App.csproj", "{60B3342F-A6C5-48FA-95BE-E397EDA18778}"
EndProject
Project("{FAE04EC0-301F-11D3-BF4B-00C04F79EFBC}") = "VidLog.Desktop.Core", "src\VidLog.Desktop.Core\VidLog.Desktop.Core.csproj", "{B434C7F5-08EC-4F15-9A4A-949131DBDC01}"
EndProject
Project("{FAE04EC0-301F-11D3-BF4B-00C04F79EFBC}") = "VidLog.Desktop.Core.Tests", "tests\VidLog.Desktop.Core.Tests\VidLog.Desktop.Core.Tests.csproj", "{70C6D131-A425-450A-84DB-F4F35C52A16B}"
EndProject
Global
	GlobalSection(SolutionConfigurationPlatforms) = preSolution
		Debug|Any CPU = Debug|Any CPU
		Debug|x64 = Debug|x64
		Debug|x86 = Debug|x86
		Release|Any CPU = Release|Any CPU
		Release|x64 = Release|x64
		Release|x86 = Release|x86
	EndGlobalSection
	GlobalSection(ProjectConfigurationPlatforms) = postSolution
		{60B3342F-A6C5-48FA-95BE-E397EDA18778}.Debug|Any CPU.ActiveCfg = Debug|Any CPU
		{60B3342F-A6C5-48FA-95BE-E397EDA18778}.Debug|Any CPU.Build.0 = Debug|Any CPU
		{60B3342F-A6C5-48FA-95BE-E397EDA18778}.Debug|x64.ActiveCfg = Debug|Any CPU
		{60B3342F-A6C5-48FA-95BE-E397EDA18778}.Debug|x64.Build.0 = Debug|Any CPU
		{60B3342F-A6C5-48FA-95BE-E397EDA18778}.Debug|x86.ActiveCfg = Debug|Any CPU
		{60B3342F-A6C5-48FA-95BE-E397EDA18778}.Debug|x86.Build.0 = Debug|Any CPU
		{60B3342F-A6C5-48FA-95BE-E397EDA18778}.Release|Any CPU.ActiveCfg = Release|Any CPU
		{60B3342F-A6C5-48FA-95BE-E397EDA18778}.Release|Any CPU.Build.0 = Release|Any CPU
		{60B3342F-A6C5-48FA-95BE-E397EDA18778}.Release|x64.ActiveCfg = Release|Any CPU
		{60B3342F-A6C5-48FA-95BE-E397EDA18778}.Release|x64.Build.0 = Release|Any CPU
		{60B3342F-A6C5-48FA-95BE-E397EDA18778}.Release|x86.ActiveCfg = Release|Any CPU
		{60B3342F-A6C5-48FA-95BE-E397EDA18778}.Release|x86.Build.0 = Release|Any CPU
		{B434C7F5-08EC-4F15-9A4A-949131DBDC01}.Debug|Any CPU.ActiveCfg = Debug|Any CPU
		{B434C7F5-08EC-4F15-9A4A-949131DBDC01}.Debug|Any CPU.Build.0 = Debug|Any CPU
		{B434C7F5-08EC-4F15-9A4A-949131DBDC01}.Debug|x64.ActiveCfg = Debug|Any CPU
		{B434C7F5-08EC-4F15-9A4A-949131DBDC01}.Debug|x64.Build.0 = Debug|Any CPU
		{B434C7F5-08EC-4F15-9A4A-949131DBDC01}.Debug|x86.ActiveCfg = Debug|Any CPU
		{B434C7F5-08EC-4F15-9A4A-949131DBDC01}.Debug|x86.Build.0 = Debug|Any CPU
		{B434C7F5-08EC-4F15-9A4A-949131DBDC01}.Release|Any CPU.ActiveCfg = Release|Any CPU
		{B434C7F5-08EC-4F15-9A4A-949131DBDC01}.Release|Any CPU.Build.0 = Release|Any CPU
		{B434C7F5-08EC-4F15-9A4A-949131DBDC01}.Release|x64.ActiveCfg = Release|Any CPU
		{B434C7F5-08EC-4F15-9A4A-949131DBDC01}.Release|x64.Build.0 = Release|Any CPU
		{B434C7F5-08EC-4F15-9A4A-949131DBDC01}.Release|x86.ActiveCfg = Release|Any CPU
		{B434C7F5-08EC-4F15-9A4A-949131DBDC01}.Release|x86.Build.0 = Release|Any CPU
		{70C6D131-A425-450A-84DB-F4F35C52A16B}.Debug|Any CPU.ActiveCfg = Debug|Any CPU
		{70C6D131-A425-450A-84DB-F4F35C52A16B}.Debug|Any CPU.Build.0 = Debug|Any CPU
		{70C6D131-A425-450A-84DB-F4F35C52A16B}.Debug|x64.ActiveCfg = Debug|Any CPU
		{70C6D131-A425-450A-84DB-F4F35C52A16B}.Debug|x64.Build.0 = Debug|Any CPU
		{70C6D131-A425-450A-84DB-F4F35C52A16B}.Debug|x86.ActiveCfg = Debug|Any CPU
		{70C6D131-A425-450A-84DB-F4F35C52A16B}.Debug|x86.Build.0 = Debug|Any CPU
		{70C6D131-A425-450A-84DB-F4F35C52A16B}.Release|Any CPU.ActiveCfg = Release|Any CPU
		{70C6D131-A425-450A-84DB-F4F35C52A16B}.Release|Any CPU.Build.0 = Release|Any CPU
		{70C6D131-A425-450A-84DB-F4F35C52A16B}.Release|x64.ActiveCfg = Release|Any CPU
		{70C6D131-A425-450A-84DB-F4F35C52A16B}.Release|x64.Build.0 = Release|Any CPU
		{70C6D131-A425-450A-84DB-F4F35C52A16B}.Release|x86.ActiveCfg = Release|Any CPU
		{70C6D131-A425-450A-84DB-F4F35C52A16B}.Release|x86.Build.0 = Release|Any CPU
	EndGlobalSection
	GlobalSection(SolutionProperties) = preSolution
		HideSolutionNode = FALSE
	EndGlobalSection
	GlobalSection(NestedProjects) = preSolution
		{60B3342F-A6C5-48FA-95BE-E397EDA18778} = {827E0CD3-B72D-47B6-A68D-7590B98EB39B}
		{B434C7F5-08EC-4F15-9A4A-949131DBDC01} = {827E0CD3-B72D-47B6-A68D-7590B98EB39B}
		{70C6D131-A425-450A-84DB-F4F35C52A16B} = {827E0CD3-B72D-47B6-A68D-7590B98EB39B}
	EndGlobalSection
EndGlobal
